
Microsoft Visual Studio Solution File, Format Version 12.00
# Visual Studio Version 17
VisualStudioVersion = 17.8.34525.116
MinimumVisualStudioVersion = 10.0.40219.1
Project("{FAE04EC0-301F-11D3-BF4B-00C04F79EFBC}") = "Techpro_Project", "Techpro_Project\Techpro_Project.csproj", "{1179BD0D-F605-4E42-BCC7-85383D91826A}"
EndProject
Global
	GlobalSection(SolutionConfigurationPlatforms) = preSolution
		Debug|Any CPU = Debug|Any CPU
		Release|Any CPU = Release|Any CPU
	EndGlobalSection
	GlobalSection(ProjectConfigurationPlatforms) = postSolution
		{1179BD0D-F605-4E42-BCC7-85383D91826A}.Debug|Any CPU.ActiveCfg = Debug|Any CPU
		{1179BD0D-F605-4E42-BCC7-85383D91826A}.Debug|Any CPU.Build.0 = Debug|Any CPU
		{1179BD0D-F605-4E42-BCC7-85383D91826A}.Release|Any CPU.ActiveCfg = Release|Any CPU
		{1179BD0D-F605-4E42-BCC7-85383D91826A}.Release|Any CPU.Build.0 = Release|Any CPU
	EndGlobalSection
	GlobalSection(SolutionProperties) = preSolution
		HideSolutionNode = FALSE
	EndGlobalSection
	GlobalSection(ExtensibilityGlobals) = postSolution
		SolutionGuid = {F2C47DF6-193F-4B7B-BA61-19F5C7305F21}
	EndGlobalSection
EndGlobal
